
Microsoft Visual Studio Solution File, Format Version 12.00
# Visual Studio 15
VisualStudioVersion = 15.0.28307.421
MinimumVisualStudioVersion = 10.0.40219.1
Project("{FAE04EC0-301F-11D3-BF4B-00C04F79EFBC}") = "h2controdemo", "h2controdemo\h2controdemo.csproj", "{9C6EB06A-CD55-49FD-8D16-41A7C31C255E}"
EndProject
Project("{FAE04EC0-301F-11D3-BF4B-00C04F79EFBC}") = "CapaDatos", "CapaDatos\CapaDatos.csproj", "{9140C427-9A17-45E3-8EAF-34C72906EA3F}"
EndProject
Project("{FAE04EC0-301F-11D3-BF4B-00C04F79EFBC}") = "CapaLogica", "CapaLogica\CapaLogica.csproj", "{89B24720-882F-46B4-873C-2BDA1BD3E57B}"
EndProject
Project("{FAE04EC0-301F-11D3-BF4B-00C04F79EFBC}") = "Controles", "Controles\Controles.csproj", "{E21B38F8-A5E1-4F7C-A0C6-5C8A5A77A694}"
EndProject
Project("{FAE04EC0-301F-11D3-BF4B-00C04F79EFBC}") = "ENTIDADES", "ENTIDADES\ENTIDADES.csproj", "{3017FC6F-9B60-404F-BE1A-71EC9B2FEEA9}"
EndProject
Global
	GlobalSection(SolutionConfigurationPlatforms) = preSolution
		Debug|Any CPU = Debug|Any CPU
		Release|Any CPU = Release|Any CPU
	EndGlobalSection
	GlobalSection(ProjectConfigurationPlatforms) = postSolution
		{9C6EB06A-CD55-49FD-8D16-41A7C31C255E}.Debug|Any CPU.ActiveCfg = Debug|Any CPU
		{9C6EB06A-CD55-49FD-8D16-41A7C31C255E}.Debug|Any CPU.Build.0 = Debug|Any CPU
		{9C6EB06A-CD55-49FD-8D16-41A7C31C255E}.Release|Any CPU.ActiveCfg = Release|Any CPU
		{9C6EB06A-CD55-49FD-8D16-41A7C31C255E}.Release|Any CPU.Build.0 = Release|Any CPU
		{9140C427-9A17-45E3-8EAF-34C72906EA3F}.Debug|Any CPU.ActiveCfg = Debug|Any CPU
		{9140C427-9A17-45E3-8EAF-34C72906EA3F}.Debug|Any CPU.Build.0 = Debug|Any CPU
		{9140C427-9A17-45E3-8EAF-34C72906EA3F}.Release|Any CPU.ActiveCfg = Release|Any CPU
		{9140C427-9A17-45E3-8EAF-34C72906EA3F}.Release|Any CPU.Build.0 = Release|Any CPU
		{89B24720-882F-46B4-873C-2BDA1BD3E57B}.Debug|Any CPU.ActiveCfg = Debug|Any CPU
		{89B24720-882F-46B4-873C-2BDA1BD3E57B}.Debug|Any CPU.Build.0 = Debug|Any CPU
		{89B24720-882F-46B4-873C-2BDA1BD3E57B}.Release|Any CPU.ActiveCfg = Release|Any CPU
		{89B24720-882F-46B4-873C-2BDA1BD3E57B}.Release|Any CPU.Build.0 = Release|Any CPU
		{E21B38F8-A5E1-4F7C-A0C6-5C8A5A77A694}.Debug|Any CPU.ActiveCfg = Debug|Any CPU
		{E21B38F8-A5E1-4F7C-A0C6-5C8A5A77A694}.Debug|Any CPU.Build.0 = Debug|Any CPU
		{E21B38F8-A5E1-4F7C-A0C6-5C8A5A77A694}.Release|Any CPU.ActiveCfg = Release|Any CPU
		{E21B38F8-A5E1-4F7C-A0C6-5C8A5A77A694}.Release|Any CPU.Build.0 = Release|Any CPU
		{3017FC6F-9B60-404F-BE1A-71EC9B2FEEA9}.Debug|Any CPU.ActiveCfg = Debug|Any CPU
		{3017FC6F-9B60-404F-BE1A-71EC9B2FEEA9}.Debug|Any CPU.Build.0 = Debug|Any CPU
		{3017FC6F-9B60-404F-BE1A-71EC9B2FEEA9}.Release|Any CPU.ActiveCfg = Release|Any CPU
		{3017FC6F-9B60-404F-BE1A-71EC9B2FEEA9}.Release|Any CPU.Build.0 = Release|Any CPU
	EndGlobalSection
	GlobalSection(SolutionProperties) = preSolution
		HideSolutionNode = FALSE
	EndGlobalSection
	GlobalSection(ExtensibilityGlobals) = postSolution
		SolutionGuid = {1278E21A-D404-4E46-A30D-B8E3EE61F96F}
	EndGlobalSection
EndGlobal
